// !$*UTF8*$!
{
	archiveVersion = 1;
	classes = {
	};
	objectVersion = 56;
	objects = {

/* Begin PBXBuildFile section */
		D10314592AB12C5A000E689F /* Swifty_Leetcode.docc in Sources */ = {isa = PBXBuildFile; fileRef = D10314582AB12C5A000E689F /* Swifty_Leetcode.docc */; };
		D103145F2AB12C5A000E689F /* Swifty_Leetcode.framework in Frameworks */ = {isa = PBXBuildFile; fileRef = D10314542AB12C5A000E689F /* Swifty_Leetcode.framework */; };
		D10314642AB12C5A000E689F /* Swifty_LeetcodeTests.swift in Sources */ = {isa = PBXBuildFile; fileRef = D10314632AB12C5A000E689F /* Swifty_LeetcodeTests.swift */; };
		D10314652AB12C5A000E689F /* Swifty_Leetcode.h in Headers */ = {isa = PBXBuildFile; fileRef = D10314572AB12C5A000E689F /* Swifty_Leetcode.h */; settings = {ATTRIBUTES = (Public, ); }; };
		D103146F2AB12C8E000E689F /* remove-duplicates-sorted-list.swift in Sources */ = {isa = PBXBuildFile; fileRef = D103146E2AB12C8E000E689F /* remove-duplicates-sorted-list.swift */; };
		D10314712AB136B3000E689F /* climb-stairs.swift in Sources */ = {isa = PBXBuildFile; fileRef = D10314702AB136B3000E689F /* climb-stairs.swift */; };
		D12064912AB3DBEF00127275 /* jump-game.swift in Sources */ = {isa = PBXBuildFile; fileRef = D12064902AB3DBEF00127275 /* jump-game.swift */; };
		D12064932AB3E81100127275 /* task-scheduler.swift in Sources */ = {isa = PBXBuildFile; fileRef = D12064922AB3E81100127275 /* task-scheduler.swift */; };
/* End PBXBuildFile section */

/* Begin PBXContainerItemProxy section */
		D10314602AB12C5A000E689F /* PBXContainerItemProxy */ = {
			isa = PBXContainerItemProxy;
			containerPortal = D103144B2AB12C5A000E689F /* Project object */;
			proxyType = 1;
			remoteGlobalIDString = D10314532AB12C5A000E689F;
			remoteInfo = "Swifty-Leetcode";
		};
/* End PBXContainerItemProxy section */

/* Begin PBXFileReference section */
		D10314542AB12C5A000E689F /* Swifty_Leetcode.framework */ = {isa = PBXFileReference; explicitFileType = wrapper.framework; includeInIndex = 0; path = Swifty_Leetcode.framework; sourceTree = BUILT_PRODUCTS_DIR; };
		D10314572AB12C5A000E689F /* Swifty_Leetcode.h */ = {isa = PBXFileReference; lastKnownFileType = sourcecode.c.h; path = Swifty_Leetcode.h; sourceTree = "<group>"; };
		D10314582AB12C5A000E689F /* Swifty_Leetcode.docc */ = {isa = PBXFileReference; lastKnownFileType = folder.documentationcatalog; path = Swifty_Leetcode.docc; sourceTree = "<group>"; };
		D103145E2AB12C5A000E689F /* Swifty-LeetcodeTests.xctest */ = {isa = PBXFileReference; explicitFileType = wrapper.cfbundle; includeInIndex = 0; path = "Swifty-LeetcodeTests.xctest"; sourceTree = BUILT_PRODUCTS_DIR; };
		D10314632AB12C5A000E689F /* Swifty_LeetcodeTests.swift */ = {isa = PBXFileReference; lastKnownFileType = sourcecode.swift; path = Swifty_LeetcodeTests.swift; sourceTree = "<group>"; };
		D103146E2AB12C8E000E689F /* remove-duplicates-sorted-list.swift */ = {isa = PBXFileReference; lastKnownFileType = sourcecode.swift; path = "remove-duplicates-sorted-list.swift"; sourceTree = "<group>"; };
		D10314702AB136B3000E689F /* climb-stairs.swift */ = {isa = PBXFileReference; lastKnownFileType = sourcecode.swift; path = "climb-stairs.swift"; sourceTree = "<group>"; };
		D12064902AB3DBEF00127275 /* jump-game.swift */ = {isa = PBXFileReference; lastKnownFileType = sourcecode.swift; path = "jump-game.swift"; sourceTree = "<group>"; };
		D12064922AB3E81100127275 /* task-scheduler.swift */ = {isa = PBXFileReference; lastKnownFileType = sourcecode.swift; path = "task-scheduler.swift"; sourceTree = "<group>"; };
/* End PBXFileReference section */

/* Begin PBXFrameworksBuildPhase section */
		D10314512AB12C5A000E689F /* Frameworks */ = {
			isa = PBXFrameworksBuildPhase;
			buildActionMask = 2147483647;
			files = (
			);
			runOnlyForDeploymentPostprocessing = 0;
		};
		D103145B2AB12C5A000E689F /* Frameworks */ = {
			isa = PBXFrameworksBuildPhase;
			buildActionMask = 2147483647;
			files = (
				D103145F2AB12C5A000E689F /* Swifty_Leetcode.framework in Frameworks */,
			);
			runOnlyForDeploymentPostprocessing = 0;
		};
/* End PBXFrameworksBuildPhase section */

/* Begin PBXGroup section */
		D103144A2AB12C5A000E689F = {
			isa = PBXGroup;
			children = (
				D10314562AB12C5A000E689F /* Swifty-Leetcode */,
				D10314622AB12C5A000E689F /* Swifty-LeetcodeTests */,
				D10314552AB12C5A000E689F /* Products */,
			);
			sourceTree = "<group>";
		};
		D10314552AB12C5A000E689F /* Products */ = {
			isa = PBXGroup;
			children = (
				D10314542AB12C5A000E689F /* Swifty_Leetcode.framework */,
				D103145E2AB12C5A000E689F /* Swifty-LeetcodeTests.xctest */,
			);
			name = Products;
			sourceTree = "<group>";
		};
		D10314562AB12C5A000E689F /* Swifty-Leetcode */ = {
			isa = PBXGroup;
			children = (
				D10314572AB12C5A000E689F /* Swifty_Leetcode.h */,
				D10314582AB12C5A000E689F /* Swifty_Leetcode.docc */,
				D103146E2AB12C8E000E689F /* remove-duplicates-sorted-list.swift */,
				D10314702AB136B3000E689F /* climb-stairs.swift */,
				D12064902AB3DBEF00127275 /* jump-game.swift */,
				D12064922AB3E81100127275 /* task-scheduler.swift */,
			);
			path = "Swifty-Leetcode";
			sourceTree = "<group>";
		};
		D10314622AB12C5A000E689F /* Swifty-LeetcodeTests */ = {
			isa = PBXGroup;
			children = (
				D10314632AB12C5A000E689F /* Swifty_LeetcodeTests.swift */,
			);
			path = "Swifty-LeetcodeTests";
			sourceTree = "<group>";
		};
/* End PBXGroup section */

/* Begin PBXHeadersBuildPhase section */
		D103144F2AB12C5A000E689F /* Headers */ = {
			isa = PBXHeadersBuildPhase;
			buildActionMask = 2147483647;
			files = (
				D10314652AB12C5A000E689F /* Swifty_Leetcode.h in Headers */,
			);
			runOnlyForDeploymentPostprocessing = 0;
		};
/* End PBXHeadersBuildPhase section */

/* Begin PBXNativeTarget section */
		D10314532AB12C5A000E689F /* Swifty-Leetcode */ = {
			isa = PBXNativeTarget;
			buildConfigurationList = D10314682AB12C5A000E689F /* Build configuration list for PBXNativeTarget "Swifty-Leetcode" */;
			buildPhases = (
				D103144F2AB12C5A000E689F /* Headers */,
				D10314502AB12C5A000E689F /* Sources */,
				D10314512AB12C5A000E689F /* Frameworks */,
				D10314522AB12C5A000E689F /* Resources */,
			);
			buildRules = (
			);
			dependencies = (
			);
			name = "Swifty-Leetcode";
			productName = "Swifty-Leetcode";
			productReference = D10314542AB12C5A000E689F /* Swifty_Leetcode.framework */;
			productType = "com.apple.product-type.framework";
		};
		D103145D2AB12C5A000E689F /* Swifty-LeetcodeTests */ = {
			isa = PBXNativeTarget;
			buildConfigurationList = D103146B2AB12C5A000E689F /* Build configuration list for PBXNativeTarget "Swifty-LeetcodeTests" */;
			buildPhases = (
				D103145A2AB12C5A000E689F /* Sources */,
				D103145B2AB12C5A000E689F /* Frameworks */,
				D103145C2AB12C5A000E689F /* Resources */,
			);
			buildRules = (
			);
			dependencies = (
				D10314612AB12C5A000E689F /* PBXTargetDependency */,
			);
			name = "Swifty-LeetcodeTests";
			productName = "Swifty-LeetcodeTests";
			productReference = D103145E2AB12C5A000E689F /* Swifty-LeetcodeTests.xctest */;
			productType = "com.apple.product-type.bundle.unit-test";
		};
/* End PBXNativeTarget section */

/* Begin PBXProject section */
		D103144B2AB12C5A000E689F /* Project object */ = {
			isa = PBXProject;
			attributes = {
				BuildIndependentTargetsInParallel = 1;
				LastSwiftUpdateCheck = 1430;
				LastUpgradeCheck = 1430;
				TargetAttributes = {
					D10314532AB12C5A000E689F = {
						CreatedOnToolsVersion = 14.3.1;
					};
					D103145D2AB12C5A000E689F = {
						CreatedOnToolsVersion = 14.3.1;
					};
				};
			};
			buildConfigurationList = D103144E2AB12C5A000E689F /* Build configuration list for PBXProject "Swifty-Leetcode" */;
			compatibilityVersion = "Xcode 14.0";
			developmentRegion = en;
			hasScannedForEncodings = 0;
			knownRegions = (
				en,
				Base,
			);
			mainGroup = D103144A2AB12C5A000E689F;
			productRefGroup = D10314552AB12C5A000E689F /* Products */;
			projectDirPath = "";
			projectRoot = "";
			targets = (
				D10314532AB12C5A000E689F /* Swifty-Leetcode */,
				D103145D2AB12C5A000E689F /* Swifty-LeetcodeTests */,
			);
		};
/* End PBXProject section */

/* Begin PBXResourcesBuildPhase section */
		D10314522AB12C5A000E689F /* Resources */ = {
			isa = PBXResourcesBuildPhase;
			buildActionMask = 2147483647;
			files = (
			);
			runOnlyForDeploymentPostprocessing = 0;
		};
		D103145C2AB12C5A000E689F /* Resources */ = {
			isa = PBXResourcesBuildPhase;
			buildActionMask = 2147483647;
			files = (
			);
			runOnlyForDeploymentPostprocessing = 0;
		};
/* End PBXResourcesBuildPhase section */

/* Begin PBXSourcesBuildPhase section */
		D10314502AB12C5A000E689F /* Sources */ = {
			isa = PBXSourcesBuildPhase;
			buildActionMask = 2147483647;
			files = (
				D103146F2AB12C8E000E689F /* remove-duplicates-sorted-list.swift in Sources */,
				D12064912AB3DBEF00127275 /* jump-game.swift in Sources */,
				D10314712AB136B3000E689F /* climb-stairs.swift in Sources */,
				D10314592AB12C5A000E689F /* Swifty_Leetcode.docc in Sources */,
				D12064932AB3E81100127275 /* task-scheduler.swift in Sources */,
			);
			runOnlyForDeploymentPostprocessing = 0;
		};
		D103145A2AB12C5A000E689F /* Sources */ = {
			isa = PBXSourcesBuildPhase;
			buildActionMask = 2147483647;
			files = (
				D10314642AB12C5A000E689F /* Swifty_LeetcodeTests.swift in Sources */,
			);
			runOnlyForDeploymentPostprocessing = 0;
		};
/* End PBXSourcesBuildPhase section */

/* Begin PBXTargetDependency section */
		D10314612AB12C5A000E689F /* PBXTargetDependency */ = {
			isa = PBXTargetDependency;
			target = D10314532AB12C5A000E689F /* Swifty-Leetcode */;
			targetProxy = D10314602AB12C5A000E689F /* PBXContainerItemProxy */;
		};
/* End PBXTargetDependency section */

/* Begin XCBuildConfiguration section */
		D10314662AB12C5A000E689F /* Debug */ = {
			isa = XCBuildConfiguration;
			buildSettings = {
				ALWAYS_SEARCH_USER_PATHS = NO;
				CLANG_ANALYZER_NONNULL = YES;
				CLANG_ANALYZER_NUMBER_OBJECT_CONVERSION = YES_AGGRESSIVE;
				CLANG_CXX_LANGUAGE_STANDARD = "gnu++20";
				CLANG_ENABLE_MODULES = YES;
				CLANG_ENABLE_OBJC_ARC = YES;
				CLANG_ENABLE_OBJC_WEAK = YES;
				CLANG_WARN_BLOCK_CAPTURE_AUTORELEASING = YES;
				CLANG_WARN_BOOL_CONVERSION = YES;
				CLANG_WARN_COMMA = YES;
				CLANG_WARN_CONSTANT_CONVERSION = YES;
				CLANG_WARN_DEPRECATED_OBJC_IMPLEMENTATIONS = YES;
				CLANG_WARN_DIRECT_OBJC_ISA_USAGE = YES_ERROR;
				CLANG_WARN_DOCUMENTATION_COMMENTS = YES;
				CLANG_WARN_EMPTY_BODY = YES;
				CLANG_WARN_ENUM_CONVERSION = YES;
				CLANG_WARN_INFINITE_RECURSION = YES;
				CLANG_WARN_INT_CONVERSION = YES;
				CLANG_WARN_NON_LITERAL_NULL_CONVERSION = YES;
				CLANG_WARN_OBJC_IMPLICIT_RETAIN_SELF = YES;
				CLANG_WARN_OBJC_LITERAL_CONVERSION = YES;
				CLANG_WARN_OBJC_ROOT_CLASS = YES_ERROR;
				CLANG_WARN_QUOTED_INCLUDE_IN_FRAMEWORK_HEADER = YES;
				CLANG_WARN_RANGE_LOOP_ANALYSIS = YES;
				CLANG_WARN_STRICT_PROTOTYPES = YES;
				CLANG_WARN_SUSPICIOUS_MOVE = YES;
				CLANG_WARN_UNGUARDED_AVAILABILITY = YES_AGGRESSIVE;
				CLANG_WARN_UNREACHABLE_CODE = YES;
				CLANG_WARN__DUPLICATE_METHOD_MATCH = YES;
				COPY_PHASE_STRIP = NO;
				CURRENT_PROJECT_VERSION = 1;
				DEBUG_INFORMATION_FORMAT = dwarf;
				ENABLE_STRICT_OBJC_MSGSEND = YES;
				ENABLE_TESTABILITY = YES;
				GCC_C_LANGUAGE_STANDARD = gnu11;
				GCC_DYNAMIC_NO_PIC = NO;
				GCC_NO_COMMON_BLOCKS = YES;
				GCC_OPTIMIZATION_LEVEL = 0;
				GCC_PREPROCESSOR_DEFINITIONS = (
					"DEBUG=1",
					"$(inherited)",
				);
				GCC_WARN_64_TO_32_BIT_CONVERSION = YES;
				GCC_WARN_ABOUT_RETURN_TYPE = YES_ERROR;
				GCC_WARN_UNDECLARED_SELECTOR = YES;
				GCC_WARN_UNINITIALIZED_AUTOS = YES_AGGRESSIVE;
				GCC_WARN_UNUSED_FUNCTION = YES;
				GCC_WARN_UNUSED_VARIABLE = YES;
				IPHONEOS_DEPLOYMENT_TARGET = 16.4;
				MTL_ENABLE_DEBUG_INFO = INCLUDE_SOURCE;
				MTL_FAST_MATH = YES;
				ONLY_ACTIVE_ARCH = YES;
				SDKROOT = iphoneos;
				SWIFT_ACTIVE_COMPILATION_CONDITIONS = DEBUG;
				SWIFT_OPTIMIZATION_LEVEL = "-Onone";
				VERSIONING_SYSTEM = "apple-generic";
				VERSION_INFO_PREFIX = "";
			};
			name = Debug;
		};
		D10314672AB12C5A000E689F /* Release */ = {
			isa = XCBuildConfiguration;
			buildSettings = {
				ALWAYS_SEARCH_USER_PATHS = NO;
				CLANG_ANALYZER_NONNULL = YES;
				CLANG_ANALYZER_NUMBER_OBJECT_CONVERSION = YES_AGGRESSIVE;
				CLANG_CXX_LANGUAGE_STANDARD = "gnu++20";
				CLANG_ENABLE_MODULES = YES;
				CLANG_ENABLE_OBJC_ARC = YES;
				CLANG_ENABLE_OBJC_WEAK = YES;
				CLANG_WARN_BLOCK_CAPTURE_AUTORELEASING = YES;
				CLANG_WARN_BOOL_CONVERSION = YES;
				CLANG_WARN_COMMA = YES;
				CLANG_WARN_CONSTANT_CONVERSION = YES;
				CLANG_WARN_DEPRECATED_OBJC_IMPLEMENTATIONS = YES;
				CLANG_WARN_DIRECT_OBJC_ISA_USAGE = YES_ERROR;
				CLANG_WARN_DOCUMENTATION_COMMENTS = YES;
				CLANG_WARN_EMPTY_BODY = YES;
				CLANG_WARN_ENUM_CONVERSION = YES;
				CLANG_WARN_INFINITE_RECURSION = YES;
				CLANG_WARN_INT_CONVERSION = YES;
				CLANG_WARN_NON_LITERAL_NULL_CONVERSION = YES;
				CLANG_WARN_OBJC_IMPLICIT_RETAIN_SELF = YES;
				CLANG_WARN_OBJC_LITERAL_CONVERSION = YES;
				CLANG_WARN_OBJC_ROOT_CLASS = YES_ERROR;
				CLANG_WARN_QUOTED_INCLUDE_IN_FRAMEWORK_HEADER = YES;
				CLANG_WARN_RANGE_LOOP_ANALYSIS = YES;
				CLANG_WARN_STRICT_PROTOTYPES = YES;
				CLANG_WARN_SUSPICIOUS_MOVE = YES;
				CLANG_WARN_UNGUARDED_AVAILABILITY = YES_AGGRESSIVE;
				CLANG_WARN_UNREACHABLE_CODE = YES;
				CLANG_WARN__DUPLICATE_METHOD_MATCH = YES;
				COPY_PHASE_STRIP = NO;
				CURRENT_PROJECT_VERSION = 1;
				DEBUG_INFORMATION_FORMAT = "dwarf-with-dsym";
				ENABLE_NS_ASSERTIONS = NO;
				ENABLE_STRICT_OBJC_MSGSEND = YES;
				GCC_C_LANGUAGE_STANDARD = gnu11;
				GCC_NO_COMMON_BLOCKS = YES;
				GCC_WARN_64_TO_32_BIT_CONVERSION = YES;
				GCC_WARN_ABOUT_RETURN_TYPE = YES_ERROR;
				GCC_WARN_UNDECLARED_SELECTOR = YES;
				GCC_WARN_UNINITIALIZED_AUTOS = YES_AGGRESSIVE;
				GCC_WARN_UNUSED_FUNCTION = YES;
				GCC_WARN_UNUSED_VARIABLE = YES;
				IPHONEOS_DEPLOYMENT_TARGET = 16.4;
				MTL_ENABLE_DEBUG_INFO = NO;
				MTL_FAST_MATH = YES;
				SDKROOT = iphoneos;
				SWIFT_COMPILATION_MODE = wholemodule;
				SWIFT_OPTIMIZATION_LEVEL = "-O";
				VALIDATE_PRODUCT = YES;
				VERSIONING_SYSTEM = "apple-generic";
				VERSION_INFO_PREFIX = "";
			};
			name = Release;
		};
		D10314692AB12C5A000E689F /* Debug */ = {
			isa = XCBuildConfiguration;
			buildSettings = {
				CODE_SIGN_STYLE = Automatic;
				CURRENT_PROJECT_VERSION = 1;
				DEFINES_MODULE = YES;
				DEVELOPMENT_TEAM = P87URHZFZ4;
				DYLIB_COMPATIBILITY_VERSION = 1;
				DYLIB_CURRENT_VERSION = 1;
				DYLIB_INSTALL_NAME_BASE = "@rpath";
				ENABLE_MODULE_VERIFIER = YES;
				GENERATE_INFOPLIST_FILE = YES;
				INFOPLIST_KEY_NSHumanReadableCopyright = "";
				INSTALL_PATH = "$(LOCAL_LIBRARY_DIR)/Frameworks";
				LD_RUNPATH_SEARCH_PATHS = (
					"$(inherited)",
					"@executable_path/Frameworks",
					"@loader_path/Frameworks",
				);
				MARKETING_VERSION = 1.0;
				MODULE_VERIFIER_SUPPORTED_LANGUAGES = "objective-c objective-c++";
				MODULE_VERIFIER_SUPPORTED_LANGUAGE_STANDARDS = "gnu11 gnu++20";
				PRODUCT_BUNDLE_IDENTIFIER = "com.leveltenpaladin.Swifty-Leetcode";
				PRODUCT_NAME = "$(TARGET_NAME:c99extidentifier)";
				SKIP_INSTALL = YES;
				SWIFT_EMIT_LOC_STRINGS = YES;
				SWIFT_VERSION = 5.0;
				TARGETED_DEVICE_FAMILY = "1,2";
			};
			name = Debug;
		};
		D103146A2AB12C5A000E689F /* Release */ = {
			isa = XCBuildConfiguration;
			buildSettings = {
				CODE_SIGN_STYLE = Automatic;
				CURRENT_PROJECT_VERSION = 1;
				DEFINES_MODULE = YES;
				DEVELOPMENT_TEAM = P87URHZFZ4;
				DYLIB_COMPATIBILITY_VERSION = 1;
				DYLIB_CURRENT_VERSION = 1;
				DYLIB_INSTALL_NAME_BASE = "@rpath";
				ENABLE_MODULE_VERIFIER = YES;
				GENERATE_INFOPLIST_FILE = YES;
				INFOPLIST_KEY_NSHumanReadableCopyright = "";
				INSTALL_PATH = "$(LOCAL_LIBRARY_DIR)/Frameworks";
				LD_RUNPATH_SEARCH_PATHS = (
					"$(inherited)",
					"@executable_path/Frameworks",
					"@loader_path/Frameworks",
				);
				MARKETING_VERSION = 1.0;
				MODULE_VERIFIER_SUPPORTED_LANGUAGES = "objective-c objective-c++";
				MODULE_VERIFIER_SUPPORTED_LANGUAGE_STANDARDS = "gnu11 gnu++20";
				PRODUCT_BUNDLE_IDENTIFIER = "com.leveltenpaladin.Swifty-Leetcode";
				PRODUCT_NAME = "$(TARGET_NAME:c99extidentifier)";
				SKIP_INSTALL = YES;
				SWIFT_EMIT_LOC_STRINGS = YES;
				SWIFT_VERSION = 5.0;
				TARGETED_DEVICE_FAMILY = "1,2";
			};
			name = Release;
		};
		D103146C2AB12C5A000E689F /* Debug */ = {
			isa = XCBuildConfiguration;
			buildSettings = {
				ALWAYS_EMBED_SWIFT_STANDARD_LIBRARIES = YES;
				CODE_SIGN_STYLE = Automatic;
				CURRENT_PROJECT_VERSION = 1;
				DEVELOPMENT_TEAM = P87URHZFZ4;
				GENERATE_INFOPLIST_FILE = YES;
				MARKETING_VERSION = 1.0;
				PRODUCT_BUNDLE_IDENTIFIER = "com.leveltenpaladin.Swifty-LeetcodeTests";
				PRODUCT_NAME = "$(TARGET_NAME)";
				SWIFT_EMIT_LOC_STRINGS = NO;
				SWIFT_VERSION = 5.0;
				TARGETED_DEVICE_FAMILY = "1,2";
			};
			name = Debug;
		};
		D103146D2AB12C5A000E689F /* Release */ = {
			isa = XCBuildConfiguration;
			buildSettings = {
				ALWAYS_EMBED_SWIFT_STANDARD_LIBRARIES = YES;
				CODE_SIGN_STYLE = Automatic;
				CURRENT_PROJECT_VERSION = 1;
				DEVELOPMENT_TEAM = P87URHZFZ4;
				GENERATE_INFOPLIST_FILE = YES;
				MARKETING_VERSION = 1.0;
				PRODUCT_BUNDLE_IDENTIFIER = "com.leveltenpaladin.Swifty-LeetcodeTests";
				PRODUCT_NAME = "$(TARGET_NAME)";
				SWIFT_EMIT_LOC_STRINGS = NO;
				SWIFT_VERSION = 5.0;
				TARGETED_DEVICE_FAMILY = "1,2";
			};
			name = Release;
		};
/* End XCBuildConfiguration section */

/* Begin XCConfigurationList section */
		D103144E2AB12C5A000E689F /* Build configuration list for PBXProject "Swifty-Leetcode" */ = {
			isa = XCConfigurationList;
			buildConfigurations = (
				D10314662AB12C5A000E689F /* Debug */,
				D10314672AB12C5A000E689F /* Release */,
			);
			defaultConfigurationIsVisible = 0;
			defaultConfigurationName = Release;
		};
		D10314682AB12C5A000E689F /* Build configuration list for PBXNativeTarget "Swifty-Leetcode" */ = {
			isa = XCConfigurationList;
			buildConfigurations = (
				D10314692AB12C5A000E689F /* Debug */,
				D103146A2AB12C5A000E689F /* Release */,
			);
			defaultConfigurationIsVisible = 0;
			defaultConfigurationName = Release;
		};
		D103146B2AB12C5A000E689F /* Build configuration list for PBXNativeTarget "Swifty-LeetcodeTests" */ = {
			isa = XCConfigurationList;
			buildConfigurations = (
				D103146C2AB12C5A000E689F /* Debug */,
				D103146D2AB12C5A000E689F /* Release */,
			);
			defaultConfigurationIsVisible = 0;
			defaultConfigurationName = Release;
		};
/* End XCConfigurationList section */
	};
	rootObject = D103144B2AB12C5A000E689F /* Project object */;
}
